// !$*UTF8*$!
{
	archiveVersion = 1;
	classes = {
	};
	objectVersion = 55;
	objects = {

/* Begin PBXBuildFile section */
		07077DC1277C50FD0089DEB2 /* AppDelegate.swift in Sources */ = {isa = PBXBuildFile; fileRef = 07077DC0277C50FD0089DEB2 /* AppDelegate.swift */; };
		07077DC3277C50FD0089DEB2 /* SceneDelegate.swift in Sources */ = {isa = PBXBuildFile; fileRef = 07077DC2277C50FD0089DEB2 /* SceneDelegate.swift */; };
		07077DC5277C50FD0089DEB2 /* ViewController.swift in Sources */ = {isa = PBXBuildFile; fileRef = 07077DC4277C50FD0089DEB2 /* ViewController.swift */; };
		07077DC8277C50FD0089DEB2 /* Main.storyboard in Resources */ = {isa = PBXBuildFile; fileRef = 07077DC6277C50FD0089DEB2 /* Main.storyboard */; };
		07077DCA277C50FE0089DEB2 /* Assets.xcassets in Resources */ = {isa = PBXBuildFile; fileRef = 07077DC9277C50FE0089DEB2 /* Assets.xcassets */; };
		07077DCD277C50FE0089DEB2 /* LaunchScreen.storyboard in Resources */ = {isa = PBXBuildFile; fileRef = 07077DCB277C50FE0089DEB2 /* LaunchScreen.storyboard */; };
		07077DD9277C54170089DEB2 /* SedinDataModel.swift in Sources */ = {isa = PBXBuildFile; fileRef = 07077DD8277C54170089DEB2 /* SedinDataModel.swift */; };
		07077DDB277C565F0089DEB2 /* SedinViewModel.swift in Sources */ = {isa = PBXBuildFile; fileRef = 07077DDA277C565F0089DEB2 /* SedinViewModel.swift */; };
		0763DCEA277CDD2F00BA9F4E /* DataCellTableViewCell.swift in Sources */ = {isa = PBXBuildFile; fileRef = 0763DCE9277CDD2F00BA9F4E /* DataCellTableViewCell.swift */; };
		0763DD0F277DEFBA00BA9F4E /* SedinImage.jpeg in Resources */ = {isa = PBXBuildFile; fileRef = 0763DD0E277DEFBA00BA9F4E /* SedinImage.jpeg */; };
/* End PBXBuildFile section */

/* Begin PBXFileReference section */
		07077DBD277C50FD0089DEB2 /* SedinApp.app */ = {isa = PBXFileReference; explicitFileType = wrapper.application; includeInIndex = 0; path = SedinApp.app; sourceTree = BUILT_PRODUCTS_DIR; };
		07077DC0277C50FD0089DEB2 /* AppDelegate.swift */ = {isa = PBXFileReference; lastKnownFileType = sourcecode.swift; path = AppDelegate.swift; sourceTree = "<group>"; };
		07077DC2277C50FD0089DEB2 /* SceneDelegate.swift */ = {isa = PBXFileReference; lastKnownFileType = sourcecode.swift; path = SceneDelegate.swift; sourceTree = "<group>"; };
		07077DC4277C50FD0089DEB2 /* ViewController.swift */ = {isa = PBXFileReference; lastKnownFileType = sourcecode.swift; path = ViewController.swift; sourceTree = "<group>"; };
		07077DC7277C50FD0089DEB2 /* Base */ = {isa = PBXFileReference; lastKnownFileType = file.storyboard; name = Base; path = Base.lproj/Main.storyboard; sourceTree = "<group>"; };
		07077DC9277C50FE0089DEB2 /* Assets.xcassets */ = {isa = PBXFileReference; lastKnownFileType = folder.assetcatalog; path = Assets.xcassets; sourceTree = "<group>"; };
		07077DCC277C50FE0089DEB2 /* Base */ = {isa = PBXFileReference; lastKnownFileType = file.storyboard; name = Base; path = Base.lproj/LaunchScreen.storyboard; sourceTree = "<group>"; };
		07077DCE277C50FE0089DEB2 /* Info.plist */ = {isa = PBXFileReference; lastKnownFileType = text.plist.xml; path = Info.plist; sourceTree = "<group>"; };
		07077DD8277C54170089DEB2 /* SedinDataModel.swift */ = {isa = PBXFileReference; lastKnownFileType = sourcecode.swift; path = SedinDataModel.swift; sourceTree = "<group>"; };
		07077DDA277C565F0089DEB2 /* SedinViewModel.swift */ = {isa = PBXFileReference; lastKnownFileType = sourcecode.swift; path = SedinViewModel.swift; sourceTree = "<group>"; };
		0763DCE9277CDD2F00BA9F4E /* DataCellTableViewCell.swift */ = {isa = PBXFileReference; lastKnownFileType = sourcecode.swift; path = DataCellTableViewCell.swift; sourceTree = "<group>"; };
		0763DD0E277DEFBA00BA9F4E /* SedinImage.jpeg */ = {isa = PBXFileReference; lastKnownFileType = image.jpeg; path = SedinImage.jpeg; sourceTree = "<group>"; };
/* End PBXFileReference section */

/* Begin PBXFrameworksBuildPhase section */
		07077DBA277C50FD0089DEB2 /* Frameworks */ = {
			isa = PBXFrameworksBuildPhase;
			buildActionMask = 2147483647;
			files = (
			);
			runOnlyForDeploymentPostprocessing = 0;
		};
/* End PBXFrameworksBuildPhase section */

/* Begin PBXGroup section */
		07077DB4277C50FD0089DEB2 = {
			isa = PBXGroup;
			children = (
				0763DCE8277CDD1700BA9F4E /* Cells */,
				07077DD7277C51460089DEB2 /* Models */,
				07077DD6277C513C0089DEB2 /* ViewModels */,
				07077DD5277C51230089DEB2 /* Controllers */,
				07077DD4277C511A0089DEB2 /* View */,
				07077DBF277C50FD0089DEB2 /* SedinApp */,
				07077DBE277C50FD0089DEB2 /* Products */,
			);
			sourceTree = "<group>";
		};
		07077DBE277C50FD0089DEB2 /* Products */ = {
			isa = PBXGroup;
			children = (
				07077DBD277C50FD0089DEB2 /* SedinApp.app */,
			);
			name = Products;
			sourceTree = "<group>";
		};
		07077DBF277C50FD0089DEB2 /* SedinApp */ = {
			isa = PBXGroup;
			children = (
				07077DC0277C50FD0089DEB2 /* AppDelegate.swift */,
				07077DC2277C50FD0089DEB2 /* SceneDelegate.swift */,
				07077DC9277C50FE0089DEB2 /* Assets.xcassets */,
				0763DD0E277DEFBA00BA9F4E /* SedinImage.jpeg */,
				07077DCB277C50FE0089DEB2 /* LaunchScreen.storyboard */,
				07077DCE277C50FE0089DEB2 /* Info.plist */,
			);
			path = SedinApp;
			sourceTree = "<group>";
		};
		07077DD4277C511A0089DEB2 /* View */ = {
			isa = PBXGroup;
			children = (
				07077DC6277C50FD0089DEB2 /* Main.storyboard */,
			);
			path = View;
			sourceTree = "<group>";
		};
		07077DD5277C51230089DEB2 /* Controllers */ = {
			isa = PBXGroup;
			children = (
				07077DC4277C50FD0089DEB2 /* ViewController.swift */,
			);
			path = Controllers;
			sourceTree = "<group>";
		};
		07077DD6277C513C0089DEB2 /* ViewModels */ = {
			isa = PBXGroup;
			children = (
				07077DDA277C565F0089DEB2 /* SedinViewModel.swift */,
			);
			path = ViewModels;
			sourceTree = "<group>";
		};
		07077DD7277C51460089DEB2 /* Models */ = {
			isa = PBXGroup;
			children = (
				07077DD8277C54170089DEB2 /* SedinDataModel.swift */,
			);
			path = Models;
			sourceTree = "<group>";
		};
		0763DCE8277CDD1700BA9F4E /* Cells */ = {
			isa = PBXGroup;
			children = (
				0763DCE9277CDD2F00BA9F4E /* DataCellTableViewCell.swift */,
			);
			path = Cells;
			sourceTree = "<group>";
		};
/* End PBXGroup section */

/* Begin PBXNativeTarget section */
		07077DBC277C50FD0089DEB2 /* SedinApp */ = {
			isa = PBXNativeTarget;
			buildConfigurationList = 07077DD1277C50FE0089DEB2 /* Build configuration list for PBXNativeTarget "SedinApp" */;
			buildPhases = (
				07077DB9277C50FD0089DEB2 /* Sources */,
				07077DBA277C50FD0089DEB2 /* Frameworks */,
				07077DBB277C50FD0089DEB2 /* Resources */,
			);
			buildRules = (
			);
			dependencies = (
			);
			name = SedinApp;
			productName = SedinApp;
			productReference = 07077DBD277C50FD0089DEB2 /* SedinApp.app */;
			productType = "com.apple.product-type.application";
		};
/* End PBXNativeTarget section */

/* Begin PBXProject section */
		07077DB5277C50FD0089DEB2 /* Project object */ = {
			isa = PBXProject;
			attributes = {
				BuildIndependentTargetsInParallel = 1;
				LastSwiftUpdateCheck = 1300;
				LastUpgradeCheck = 1300;
				TargetAttributes = {
					07077DBC277C50FD0089DEB2 = {
						CreatedOnToolsVersion = 13.0;
					};
				};
			};
			buildConfigurationList = 07077DB8277C50FD0089DEB2 /* Build configuration list for PBXProject "SedinApp" */;
			compatibilityVersion = "Xcode 13.0";
			developmentRegion = en;
			hasScannedForEncodings = 0;
			knownRegions = (
				en,
				Base,
			);
			mainGroup = 07077DB4277C50FD0089DEB2;
			productRefGroup = 07077DBE277C50FD0089DEB2 /* Products */;
			projectDirPath = "";
			projectRoot = "";
			targets = (
				07077DBC277C50FD0089DEB2 /* SedinApp */,
			);
		};
/* End PBXProject section */

/* Begin PBXResourcesBuildPhase section */
		07077DBB277C50FD0089DEB2 /* Resources */ = {
			isa = PBXResourcesBuildPhase;
			buildActionMask = 2147483647;
			files = (
				07077DCD277C50FE0089DEB2 /* LaunchScreen.storyboard in Resources */,
				0763DD0F277DEFBA00BA9F4E /* SedinImage.jpeg in Resources */,
				07077DCA277C50FE0089DEB2 /* Assets.xcassets in Resources */,
				07077DC8277C50FD0089DEB2 /* Main.storyboard in Resources */,
			);
			runOnlyForDeploymentPostprocessing = 0;
		};
/* End PBXResourcesBuildPhase section */

/* Begin PBXSourcesBuildPhase section */
		07077DB9277C50FD0089DEB2 /* Sources */ = {
			isa = PBXSourcesBuildPhase;
			buildActionMask = 2147483647;
			files = (
				07077DC5277C50FD0089DEB2 /* ViewController.swift in Sources */,
				07077DD9277C54170089DEB2 /* SedinDataModel.swift in Sources */,
				07077DC1277C50FD0089DEB2 /* AppDelegate.swift in Sources */,
				07077DDB277C565F0089DEB2 /* SedinViewModel.swift in Sources */,
				07077DC3277C50FD0089DEB2 /* SceneDelegate.swift in Sources */,
				0763DCEA277CDD2F00BA9F4E /* DataCellTableViewCell.swift in Sources */,
			);
			runOnlyForDeploymentPostprocessing = 0;
		};
/* End PBXSourcesBuildPhase section */

/* Begin PBXVariantGroup section */
		07077DC6277C50FD0089DEB2 /* Main.storyboard */ = {
			isa = PBXVariantGroup;
			children = (
				07077DC7277C50FD0089DEB2 /* Base */,
			);
			name = Main.storyboard;
			sourceTree = "<group>";
		};
		07077DCB277C50FE0089DEB2 /* LaunchScreen.storyboard */ = {
			isa = PBXVariantGroup;
			children = (
				07077DCC277C50FE0089DEB2 /* Base */,
			);
			name = LaunchScreen.storyboard;
			sourceTree = "<group>";
		};
/* End PBXVariantGroup section */

/* Begin XCBuildConfiguration section */
		07077DCF277C50FE0089DEB2 /* Debug */ = {
			isa = XCBuildConfiguration;
			buildSettings = {
				ALWAYS_SEARCH_USER_PATHS = NO;
				CLANG_ANALYZER_NONNULL = YES;
				CLANG_ANALYZER_NUMBER_OBJECT_CONVERSION = YES_AGGRESSIVE;
				CLANG_CXX_LANGUAGE_STANDARD = "gnu++17";
				CLANG_CXX_LIBRARY = "libc++";
				CLANG_ENABLE_MODULES = YES;
				CLANG_ENABLE_OBJC_ARC = YES;
				CLANG_ENABLE_OBJC_WEAK = YES;
				CLANG_WARN_BLOCK_CAPTURE_AUTORELEASING = YES;
				CLANG_WARN_BOOL_CONVERSION = YES;
				CLANG_WARN_COMMA = YES;
				CLANG_WARN_CONSTANT_CONVERSION = YES;
				CLANG_WARN_DEPRECATED_OBJC_IMPLEMENTATIONS = YES;
				CLANG_WARN_DIRECT_OBJC_ISA_USAGE = YES_ERROR;
				CLANG_WARN_DOCUMENTATION_COMMENTS = YES;
				CLANG_WARN_EMPTY_BODY = YES;
				CLANG_WARN_ENUM_CONVERSION = YES;
				CLANG_WARN_INFINITE_RECURSION = YES;
				CLANG_WARN_INT_CONVERSION = YES;
				CLANG_WARN_NON_LITERAL_NULL_CONVERSION = YES;
				CLANG_WARN_OBJC_IMPLICIT_RETAIN_SELF = YES;
				CLANG_WARN_OBJC_LITERAL_CONVERSION = YES;
				CLANG_WARN_OBJC_ROOT_CLASS = YES_ERROR;
				CLANG_WARN_QUOTED_INCLUDE_IN_FRAMEWORK_HEADER = YES;
				CLANG_WARN_RANGE_LOOP_ANALYSIS = YES;
				CLANG_WARN_STRICT_PROTOTYPES = YES;
				CLANG_WARN_SUSPICIOUS_MOVE = YES;
				CLANG_WARN_UNGUARDED_AVAILABILITY = YES_AGGRESSIVE;
				CLANG_WARN_UNREACHABLE_CODE = YES;
				CLANG_WARN__DUPLICATE_METHOD_MATCH = YES;
				COPY_PHASE_STRIP = NO;
				DEBUG_INFORMATION_FORMAT = dwarf;
				ENABLE_STRICT_OBJC_MSGSEND = YES;
				ENABLE_TESTABILITY = YES;
				GCC_C_LANGUAGE_STANDARD = gnu11;
				GCC_DYNAMIC_NO_PIC = NO;
				GCC_NO_COMMON_BLOCKS = YES;
				GCC_OPTIMIZATION_LEVEL = 0;
				GCC_PREPROCESSOR_DEFINITIONS = (
					"DEBUG=1",
					"$(inherited)",
				);
				GCC_WARN_64_TO_32_BIT_CONVERSION = YES;
				GCC_WARN_ABOUT_RETURN_TYPE = YES_ERROR;
				GCC_WARN_UNDECLARED_SELECTOR = YES;
				GCC_WARN_UNINITIALIZED_AUTOS = YES_AGGRESSIVE;
				GCC_WARN_UNUSED_FUNCTION = YES;
				GCC_WARN_UNUSED_VARIABLE = YES;
				IPHONEOS_DEPLOYMENT_TARGET = 15.0;
				MTL_ENABLE_DEBUG_INFO = INCLUDE_SOURCE;
				MTL_FAST_MATH = YES;
				ONLY_ACTIVE_ARCH = YES;
				SDKROOT = iphoneos;
				SWIFT_ACTIVE_COMPILATION_CONDITIONS = DEBUG;
				SWIFT_OPTIMIZATION_LEVEL = "-Onone";
			};
			name = Debug;
		};
		07077DD0277C50FE0089DEB2 /* Release */ = {
			isa = XCBuildConfiguration;
			buildSettings = {
				ALWAYS_SEARCH_USER_PATHS = NO;
				CLANG_ANALYZER_NONNULL = YES;
				CLANG_ANALYZER_NUMBER_OBJECT_CONVERSION = YES_AGGRESSIVE;
				CLANG_CXX_LANGUAGE_STANDARD = "gnu++17";
				CLANG_CXX_LIBRARY = "libc++";
				CLANG_ENABLE_MODULES = YES;
				CLANG_ENABLE_OBJC_ARC = YES;
				CLANG_ENABLE_OBJC_WEAK = YES;
				CLANG_WARN_BLOCK_CAPTURE_AUTORELEASING = YES;
				CLANG_WARN_BOOL_CONVERSION = YES;
				CLANG_WARN_COMMA = YES;
				CLANG_WARN_CONSTANT_CONVERSION = YES;
				CLANG_WARN_DEPRECATED_OBJC_IMPLEMENTATIONS = YES;
				CLANG_WARN_DIRECT_OBJC_ISA_USAGE = YES_ERROR;
				CLANG_WARN_DOCUMENTATION_COMMENTS = YES;
				CLANG_WARN_EMPTY_BODY = YES;
				CLANG_WARN_ENUM_CONVERSION = YES;
				CLANG_WARN_INFINITE_RECURSION = YES;
				CLANG_WARN_INT_CONVERSION = YES;
				CLANG_WARN_NON_LITERAL_NULL_CONVERSION = YES;
				CLANG_WARN_OBJC_IMPLICIT_RETAIN_SELF = YES;
				CLANG_WARN_OBJC_LITERAL_CONVERSION = YES;
				CLANG_WARN_OBJC_ROOT_CLASS = YES_ERROR;
				CLANG_WARN_QUOTED_INCLUDE_IN_FRAMEWORK_HEADER = YES;
				CLANG_WARN_RANGE_LOOP_ANALYSIS = YES;
				CLANG_WARN_STRICT_PROTOTYPES = YES;
				CLANG_WARN_SUSPICIOUS_MOVE = YES;
				CLANG_WARN_UNGUARDED_AVAILABILITY = YES_AGGRESSIVE;
				CLANG_WARN_UNREACHABLE_CODE = YES;
				CLANG_WARN__DUPLICATE_METHOD_MATCH = YES;
				COPY_PHASE_STRIP = NO;
				DEBUG_INFORMATION_FORMAT = "dwarf-with-dsym";
				ENABLE_NS_ASSERTIONS = NO;
				ENABLE_STRICT_OBJC_MSGSEND = YES;
				GCC_C_LANGUAGE_STANDARD = gnu11;
				GCC_NO_COMMON_BLOCKS = YES;
				GCC_WARN_64_TO_32_BIT_CONVERSION = YES;
				GCC_WARN_ABOUT_RETURN_TYPE = YES_ERROR;
				GCC_WARN_UNDECLARED_SELECTOR = YES;
				GCC_WARN_UNINITIALIZED_AUTOS = YES_AGGRESSIVE;
				GCC_WARN_UNUSED_FUNCTION = YES;
				GCC_WARN_UNUSED_VARIABLE = YES;
				IPHONEOS_DEPLOYMENT_TARGET = 15.0;
				MTL_ENABLE_DEBUG_INFO = NO;
				MTL_FAST_MATH = YES;
				SDKROOT = iphoneos;
				SWIFT_COMPILATION_MODE = wholemodule;
				SWIFT_OPTIMIZATION_LEVEL = "-O";
				VALIDATE_PRODUCT = YES;
			};
			name = Release;
		};
		07077DD2277C50FE0089DEB2 /* Debug */ = {
			isa = XCBuildConfiguration;
			buildSettings = {
				ASSETCATALOG_COMPILER_APPICON_NAME = AppIcon;
				ASSETCATALOG_COMPILER_GLOBAL_ACCENT_COLOR_NAME = AccentColor;
				CODE_SIGN_STYLE = Automatic;
				CURRENT_PROJECT_VERSION = 1;
				GENERATE_INFOPLIST_FILE = YES;
				INFOPLIST_FILE = SedinApp/Info.plist;
				INFOPLIST_KEY_UIApplicationSupportsIndirectInputEvents = YES;
				INFOPLIST_KEY_UILaunchStoryboardName = LaunchScreen;
				INFOPLIST_KEY_UIMainStoryboardFile = Main;
				INFOPLIST_KEY_UISupportedInterfaceOrientations_iPad = "UIInterfaceOrientationPortrait UIInterfaceOrientationPortraitUpsideDown UIInterfaceOrientationLandscapeLeft UIInterfaceOrientationLandscapeRight";
				INFOPLIST_KEY_UISupportedInterfaceOrientations_iPhone = "UIInterfaceOrientationPortrait UIInterfaceOrientationLandscapeLeft UIInterfaceOrientationLandscapeRight";
				LD_RUNPATH_SEARCH_PATHS = (
					"$(inherited)",
					"@executable_path/Frameworks",
				);
				MARKETING_VERSION = 1.0;
				PRODUCT_BUNDLE_IDENTIFIER = abc.SedinApp;
				PRODUCT_NAME = "$(TARGET_NAME)";
				SWIFT_EMIT_LOC_STRINGS = YES;
				SWIFT_VERSION = 5.0;
				TARGETED_DEVICE_FAMILY = "1,2";
			};
			name = Debug;
		};
		07077DD3277C50FE0089DEB2 /* Release */ = {
			isa = XCBuildConfiguration;
			buildSettings = {
				ASSETCATALOG_COMPILER_APPICON_NAME = AppIcon;
				ASSETCATALOG_COMPILER_GLOBAL_ACCENT_COLOR_NAME = AccentColor;
				CODE_SIGN_STYLE = Automatic;
				CURRENT_PROJECT_VERSION = 1;
				GENERATE_INFOPLIST_FILE = YES;
				INFOPLIST_FILE = SedinApp/Info.plist;
				INFOPLIST_KEY_UIApplicationSupportsIndirectInputEvents = YES;
				INFOPLIST_KEY_UILaunchStoryboardName = LaunchScreen;
				INFOPLIST_KEY_UIMainStoryboardFile = Main;
				INFOPLIST_KEY_UISupportedInterfaceOrientations_iPad = "UIInterfaceOrientationPortrait UIInterfaceOrientationPortraitUpsideDown UIInterfaceOrientationLandscapeLeft UIInterfaceOrientationLandscapeRight";
				INFOPLIST_KEY_UISupportedInterfaceOrientations_iPhone = "UIInterfaceOrientationPortrait UIInterfaceOrientationLandscapeLeft UIInterfaceOrientationLandscapeRight";
				LD_RUNPATH_SEARCH_PATHS = (
					"$(inherited)",
					"@executable_path/Frameworks",
				);
				MARKETING_VERSION = 1.0;
				PRODUCT_BUNDLE_IDENTIFIER = abc.SedinApp;
				PRODUCT_NAME = "$(TARGET_NAME)";
				SWIFT_EMIT_LOC_STRINGS = YES;
				SWIFT_VERSION = 5.0;
				TARGETED_DEVICE_FAMILY = "1,2";
			};
			name = Release;
		};
/* End XCBuildConfiguration section */

/* Begin XCConfigurationList section */
		07077DB8277C50FD0089DEB2 /* Build configuration list for PBXProject "SedinApp" */ = {
			isa = XCConfigurationList;
			buildConfigurations = (
				07077DCF277C50FE0089DEB2 /* Debug */,
				07077DD0277C50FE0089DEB2 /* Release */,
			);
			defaultConfigurationIsVisible = 0;
			defaultConfigurationName = Release;
		};
		07077DD1277C50FE0089DEB2 /* Build configuration list for PBXNativeTarget "SedinApp" */ = {
			isa = XCConfigurationList;
			buildConfigurations = (
				07077DD2277C50FE0089DEB2 /* Debug */,
				07077DD3277C50FE0089DEB2 /* Release */,
			);
			defaultConfigurationIsVisible = 0;
			defaultConfigurationName = Release;
		};
/* End XCConfigurationList section */
	};
	rootObject = 07077DB5277C50FD0089DEB2 /* Project object */;
}
